
Microsoft Visual Studio Solution File, Format Version 12.00
# Visual Studio Version 16
VisualStudioVersion = 16.0.31025.194
MinimumVisualStudioVersion = 10.0.40219.1
Project("{FAE04EC0-301F-11D3-BF4B-00C04F79EFBC}") = "FirstCoreApp", "FirstCoreApp\FirstCoreApp.csproj", "{C0BB04A4-5B94-46B2-8690-E5C5DC1CA1A7}"
EndProject
Global
	GlobalSection(SolutionConfigurationPlatforms) = preSolution
		Debug|Any CPU = Debug|Any CPU
		Release|Any CPU = Release|Any CPU
	EndGlobalSection
	GlobalSection(ProjectConfigurationPlatforms) = postSolution
		{C0BB04A4-5B94-46B2-8690-E5C5DC1CA1A7}.Debug|Any CPU.ActiveCfg = Debug|Any CPU
		{C0BB04A4-5B94-46B2-8690-E5C5DC1CA1A7}.Debug|Any CPU.Build.0 = Debug|Any CPU
		{C0BB04A4-5B94-46B2-8690-E5C5DC1CA1A7}.Release|Any CPU.ActiveCfg = Release|Any CPU
		{C0BB04A4-5B94-46B2-8690-E5C5DC1CA1A7}.Release|Any CPU.Build.0 = Release|Any CPU
	EndGlobalSection
	GlobalSection(SolutionProperties) = preSolution
		HideSolutionNode = FALSE
	EndGlobalSection
	GlobalSection(ExtensibilityGlobals) = postSolution
		SolutionGuid = {CCA34A37-1409-49AA-8451-22E28D278B39}
	EndGlobalSection
EndGlobal
